// !$*UTF8*$!
{
	archiveVersion = 1;
	classes = {
	};
	objectVersion = 50;
	objects = {

/* Begin PBXBuildFile section */
		CDEB0DAF215B610E00A7D828 /* AppDelegate.swift in Sources */ = {isa = PBXBuildFile; fileRef = CDEB0DAE215B610E00A7D828 /* AppDelegate.swift */; };
		CDEB0DB1215B610E00A7D828 /* ViewController.swift in Sources */ = {isa = PBXBuildFile; fileRef = CDEB0DB0215B610E00A7D828 /* ViewController.swift */; };
		CDEB0DB4215B610E00A7D828 /* Main.storyboard in Resources */ = {isa = PBXBuildFile; fileRef = CDEB0DB2215B610E00A7D828 /* Main.storyboard */; };
		CDEB0DB6215B610F00A7D828 /* Assets.xcassets in Resources */ = {isa = PBXBuildFile; fileRef = CDEB0DB5215B610F00A7D828 /* Assets.xcassets */; };
		CDEB0DB9215B610F00A7D828 /* LaunchScreen.storyboard in Resources */ = {isa = PBXBuildFile; fileRef = CDEB0DB7215B610F00A7D828 /* LaunchScreen.storyboard */; };
		CDEB0DC5215B62AA00A7D828 /* ListViewController.swift in Sources */ = {isa = PBXBuildFile; fileRef = CDEB0DC4215B62AA00A7D828 /* ListViewController.swift */; };
		CDEB0DC7215B62B800A7D828 /* AddViewController.swift in Sources */ = {isa = PBXBuildFile; fileRef = CDEB0DC6215B62B800A7D828 /* AddViewController.swift */; };
/* End PBXBuildFile section */

/* Begin PBXFileReference section */
		CDEB0DAB215B610E00A7D828 /* ToDoList3.app */ = {isa = PBXFileReference; explicitFileType = wrapper.application; includeInIndex = 0; path = ToDoList3.app; sourceTree = BUILT_PRODUCTS_DIR; };
		CDEB0DAE215B610E00A7D828 /* AppDelegate.swift */ = {isa = PBXFileReference; lastKnownFileType = sourcecode.swift; path = AppDelegate.swift; sourceTree = "<group>"; };
		CDEB0DB0215B610E00A7D828 /* ViewController.swift */ = {isa = PBXFileReference; lastKnownFileType = sourcecode.swift; path = ViewController.swift; sourceTree = "<group>"; };
		CDEB0DB3215B610E00A7D828 /* Base */ = {isa = PBXFileReference; lastKnownFileType = file.storyboard; name = Base; path = Base.lproj/Main.storyboard; sourceTree = "<group>"; };
		CDEB0DB5215B610F00A7D828 /* Assets.xcassets */ = {isa = PBXFileReference; lastKnownFileType = folder.assetcatalog; path = Assets.xcassets; sourceTree = "<group>"; };
		CDEB0DB8215B610F00A7D828 /* Base */ = {isa = PBXFileReference; lastKnownFileType = file.storyboard; name = Base; path = Base.lproj/LaunchScreen.storyboard; sourceTree = "<group>"; };
		CDEB0DBA215B610F00A7D828 /* Info.plist */ = {isa = PBXFileReference; lastKnownFileType = text.plist.xml; path = Info.plist; sourceTree = "<group>"; };
		CDEB0DC4215B62AA00A7D828 /* ListViewController.swift */ = {isa = PBXFileReference; lastKnownFileType = sourcecode.swift; path = ListViewController.swift; sourceTree = "<group>"; };
		CDEB0DC6215B62B800A7D828 /* AddViewController.swift */ = {isa = PBXFileReference; lastKnownFileType = sourcecode.swift; path = AddViewController.swift; sourceTree = "<group>"; };
/* End PBXFileReference section */

/* Begin PBXFrameworksBuildPhase section */
		CDEB0DA8215B610E00A7D828 /* Frameworks */ = {
			isa = PBXFrameworksBuildPhase;
			buildActionMask = 2147483647;
			files = (
			);
			runOnlyForDeploymentPostprocessing = 0;
		};
/* End PBXFrameworksBuildPhase section */

/* Begin PBXGroup section */
		CDEB0DA2215B610E00A7D828 = {
			isa = PBXGroup;
			children = (
				CDEB0DAD215B610E00A7D828 /* ToDoList3 */,
				CDEB0DAC215B610E00A7D828 /* Products */,
			);
			sourceTree = "<group>";
		};
		CDEB0DAC215B610E00A7D828 /* Products */ = {
			isa = PBXGroup;
			children = (
				CDEB0DAB215B610E00A7D828 /* ToDoList3.app */,
			);
			name = Products;
			sourceTree = "<group>";
		};
		CDEB0DAD215B610E00A7D828 /* ToDoList3 */ = {
			isa = PBXGroup;
			children = (
				CDEB0DAE215B610E00A7D828 /* AppDelegate.swift */,
				CDEB0DB0215B610E00A7D828 /* ViewController.swift */,
				CDEB0DB2215B610E00A7D828 /* Main.storyboard */,
				CDEB0DB5215B610F00A7D828 /* Assets.xcassets */,
				CDEB0DB7215B610F00A7D828 /* LaunchScreen.storyboard */,
				CDEB0DBA215B610F00A7D828 /* Info.plist */,
				CDEB0DC4215B62AA00A7D828 /* ListViewController.swift */,
				CDEB0DC6215B62B800A7D828 /* AddViewController.swift */,
			);
			path = ToDoList3;
			sourceTree = "<group>";
		};
/* End PBXGroup section */

/* Begin PBXNativeTarget section */
		CDEB0DAA215B610E00A7D828 /* ToDoList3 */ = {
			isa = PBXNativeTarget;
			buildConfigurationList = CDEB0DBD215B610F00A7D828 /* Build configuration list for PBXNativeTarget "ToDoList3" */;
			buildPhases = (
				CDEB0DA7215B610E00A7D828 /* Sources */,
				CDEB0DA8215B610E00A7D828 /* Frameworks */,
				CDEB0DA9215B610E00A7D828 /* Resources */,
			);
			buildRules = (
			);
			dependencies = (
			);
			name = ToDoList3;
			productName = ToDoList3;
			productReference = CDEB0DAB215B610E00A7D828 /* ToDoList3.app */;
			productType = "com.apple.product-type.application";
		};
/* End PBXNativeTarget section */

/* Begin PBXProject section */
		CDEB0DA3215B610E00A7D828 /* Project object */ = {
			isa = PBXProject;
			attributes = {
				LastSwiftUpdateCheck = 1000;
				LastUpgradeCheck = 1000;
				ORGANIZATIONNAME = "Yuji Ishikawa";
				TargetAttributes = {
					CDEB0DAA215B610E00A7D828 = {
						CreatedOnToolsVersion = 10.0;
					};
				};
			};
			buildConfigurationList = CDEB0DA6215B610E00A7D828 /* Build configuration list for PBXProject "ToDoList3" */;
			compatibilityVersion = "Xcode 9.3";
			developmentRegion = en;
			hasScannedForEncodings = 0;
			knownRegions = (
				en,
				Base,
			);
			mainGroup = CDEB0DA2215B610E00A7D828;
			productRefGroup = CDEB0DAC215B610E00A7D828 /* Products */;
			projectDirPath = "";
			projectRoot = "";
			targets = (
				CDEB0DAA215B610E00A7D828 /* ToDoList3 */,
			);
		};
/* End PBXProject section */

/* Begin PBXResourcesBuildPhase section */
		CDEB0DA9215B610E00A7D828 /* Resources */ = {
			isa = PBXResourcesBuildPhase;
			buildActionMask = 2147483647;
			files = (
				CDEB0DB9215B610F00A7D828 /* LaunchScreen.storyboard in Resources */,
				CDEB0DB6215B610F00A7D828 /* Assets.xcassets in Resources */,
				CDEB0DB4215B610E00A7D828 /* Main.storyboard in Resources */,
			);
			runOnlyForDeploymentPostprocessing = 0;
		};
/* End PBXResourcesBuildPhase section */

/* Begin PBXSourcesBuildPhase section */
		CDEB0DA7215B610E00A7D828 /* Sources */ = {
			isa = PBXSourcesBuildPhase;
			buildActionMask = 2147483647;
			files = (
				CDEB0DB1215B610E00A7D828 /* ViewController.swift in Sources */,
				CDEB0DAF215B610E00A7D828 /* AppDelegate.swift in Sources */,
				CDEB0DC7215B62B800A7D828 /* AddViewController.swift in Sources */,
				CDEB0DC5215B62AA00A7D828 /* ListViewController.swift in Sources */,
			);
			runOnlyForDeploymentPostprocessing = 0;
		};
/* End PBXSourcesBuildPhase section */

/* Begin PBXVariantGroup section */
		CDEB0DB2215B610E00A7D828 /* Main.storyboard */ = {
			isa = PBXVariantGroup;
			children = (
				CDEB0DB3215B610E00A7D828 /* Base */,
			);
			name = Main.storyboard;
			sourceTree = "<group>";
		};
		CDEB0DB7215B610F00A7D828 /* LaunchScreen.storyboard */ = {
			isa = PBXVariantGroup;
			children = (
				CDEB0DB8215B610F00A7D828 /* Base */,
			);
			name = LaunchScreen.storyboard;
			sourceTree = "<group>";
		};
/* End PBXVariantGroup section */

/* Begin XCBuildConfiguration section */
		CDEB0DBB215B610F00A7D828 /* Debug */ = {
			isa = XCBuildConfiguration;
			buildSettings = {
				ALWAYS_SEARCH_USER_PATHS = NO;
				CLANG_ANALYZER_NONNULL = YES;
				CLANG_ANALYZER_NUMBER_OBJECT_CONVERSION = YES_AGGRESSIVE;
				CLANG_CXX_LANGUAGE_STANDARD = "gnu++14";
				CLANG_CXX_LIBRARY = "libc++";
				CLANG_ENABLE_MODULES = YES;
				CLANG_ENABLE_OBJC_ARC = YES;
				CLANG_ENABLE_OBJC_WEAK = YES;
				CLANG_WARN_BLOCK_CAPTURE_AUTORELEASING = YES;
				CLANG_WARN_BOOL_CONVERSION = YES;
				CLANG_WARN_COMMA = YES;
				CLANG_WARN_CONSTANT_CONVERSION = YES;
				CLANG_WARN_DEPRECATED_OBJC_IMPLEMENTATIONS = YES;
				CLANG_WARN_DIRECT_OBJC_ISA_USAGE = YES_ERROR;
				CLANG_WARN_DOCUMENTATION_COMMENTS = YES;
				CLANG_WARN_EMPTY_BODY = YES;
				CLANG_WARN_ENUM_CONVERSION = YES;
				CLANG_WARN_INFINITE_RECURSION = YES;
				CLANG_WARN_INT_CONVERSION = YES;
				CLANG_WARN_NON_LITERAL_NULL_CONVERSION = YES;
				CLANG_WARN_OBJC_IMPLICIT_RETAIN_SELF = YES;
				CLANG_WARN_OBJC_LITERAL_CONVERSION = YES;
				CLANG_WARN_OBJC_ROOT_CLASS = YES_ERROR;
				CLANG_WARN_RANGE_LOOP_ANALYSIS = YES;
				CLANG_WARN_STRICT_PROTOTYPES = YES;
				CLANG_WARN_SUSPICIOUS_MOVE = YES;
				CLANG_WARN_UNGUARDED_AVAILABILITY = YES_AGGRESSIVE;
				CLANG_WARN_UNREACHABLE_CODE = YES;
				CLANG_WARN__DUPLICATE_METHOD_MATCH = YES;
				CODE_SIGN_IDENTITY = "iPhone Developer";
				COPY_PHASE_STRIP = NO;
				DEBUG_INFORMATION_FORMAT = dwarf;
				ENABLE_STRICT_OBJC_MSGSEND = YES;
				ENABLE_TESTABILITY = YES;
				GCC_C_LANGUAGE_STANDARD = gnu11;
				GCC_DYNAMIC_NO_PIC = NO;
				GCC_NO_COMMON_BLOCKS = YES;
				GCC_OPTIMIZATION_LEVEL = 0;
				GCC_PREPROCESSOR_DEFINITIONS = (
					"DEBUG=1",
					"$(inherited)",
				);
				GCC_WARN_64_TO_32_BIT_CONVERSION = YES;
				GCC_WARN_ABOUT_RETURN_TYPE = YES_ERROR;
				GCC_WARN_UNDECLARED_SELECTOR = YES;
				GCC_WARN_UNINITIALIZED_AUTOS = YES_AGGRESSIVE;
				GCC_WARN_UNUSED_FUNCTION = YES;
				GCC_WARN_UNUSED_VARIABLE = YES;
				IPHONEOS_DEPLOYMENT_TARGET = 12.0;
				MTL_ENABLE_DEBUG_INFO = INCLUDE_SOURCE;
				MTL_FAST_MATH = YES;
				ONLY_ACTIVE_ARCH = YES;
				SDKROOT = iphoneos;
				SWIFT_ACTIVE_COMPILATION_CONDITIONS = DEBUG;
				SWIFT_OPTIMIZATION_LEVEL = "-Onone";
			};
			name = Debug;
		};
		CDEB0DBC215B610F00A7D828 /* Release */ = {
			isa = XCBuildConfiguration;
			buildSettings = {
				ALWAYS_SEARCH_USER_PATHS = NO;
				CLANG_ANALYZER_NONNULL = YES;
				CLANG_ANALYZER_NUMBER_OBJECT_CONVERSION = YES_AGGRESSIVE;
				CLANG_CXX_LANGUAGE_STANDARD = "gnu++14";
				CLANG_CXX_LIBRARY = "libc++";
				CLANG_ENABLE_MODULES = YES;
				CLANG_ENABLE_OBJC_ARC = YES;
				CLANG_ENABLE_OBJC_WEAK = YES;
				CLANG_WARN_BLOCK_CAPTURE_AUTORELEASING = YES;
				CLANG_WARN_BOOL_CONVERSION = YES;
				CLANG_WARN_COMMA = YES;
				CLANG_WARN_CONSTANT_CONVERSION = YES;
				CLANG_WARN_DEPRECATED_OBJC_IMPLEMENTATIONS = YES;
				CLANG_WARN_DIRECT_OBJC_ISA_USAGE = YES_ERROR;
				CLANG_WARN_DOCUMENTATION_COMMENTS = YES;
				CLANG_WARN_EMPTY_BODY = YES;
				CLANG_WARN_ENUM_CONVERSION = YES;
				CLANG_WARN_INFINITE_RECURSION = YES;
				CLANG_WARN_INT_CONVERSION = YES;
				CLANG_WARN_NON_LITERAL_NULL_CONVERSION = YES;
				CLANG_WARN_OBJC_IMPLICIT_RETAIN_SELF = YES;
				CLANG_WARN_OBJC_LITERAL_CONVERSION = YES;
				CLANG_WARN_OBJC_ROOT_CLASS = YES_ERROR;
				CLANG_WARN_RANGE_LOOP_ANALYSIS = YES;
				CLANG_WARN_STRICT_PROTOTYPES = YES;
				CLANG_WARN_SUSPICIOUS_MOVE = YES;
				CLANG_WARN_UNGUARDED_AVAILABILITY = YES_AGGRESSIVE;
				CLANG_WARN_UNREACHABLE_CODE = YES;
				CLANG_WARN__DUPLICATE_METHOD_MATCH = YES;
				CODE_SIGN_IDENTITY = "iPhone Developer";
				COPY_PHASE_STRIP = NO;
				DEBUG_INFORMATION_FORMAT = "dwarf-with-dsym";
				ENABLE_NS_ASSERTIONS = NO;
				ENABLE_STRICT_OBJC_MSGSEND = YES;
				GCC_C_LANGUAGE_STANDARD = gnu11;
				GCC_NO_COMMON_BLOCKS = YES;
				GCC_WARN_64_TO_32_BIT_CONVERSION = YES;
				GCC_WARN_ABOUT_RETURN_TYPE = YES_ERROR;
				GCC_WARN_UNDECLARED_SELECTOR = YES;
				GCC_WARN_UNINITIALIZED_AUTOS = YES_AGGRESSIVE;
				GCC_WARN_UNUSED_FUNCTION = YES;
				GCC_WARN_UNUSED_VARIABLE = YES;
				IPHONEOS_DEPLOYMENT_TARGET = 12.0;
				MTL_ENABLE_DEBUG_INFO = NO;
				MTL_FAST_MATH = YES;
				SDKROOT = iphoneos;
				SWIFT_COMPILATION_MODE = wholemodule;
				SWIFT_OPTIMIZATION_LEVEL = "-O";
				VALIDATE_PRODUCT = YES;
			};
			name = Release;
		};
		CDEB0DBE215B610F00A7D828 /* Debug */ = {
			isa = XCBuildConfiguration;
			buildSettings = {
				ASSETCATALOG_COMPILER_APPICON_NAME = AppIcon;
				CODE_SIGN_STYLE = Automatic;
				INFOPLIST_FILE = ToDoList3/Info.plist;
				LD_RUNPATH_SEARCH_PATHS = (
					"$(inherited)",
					"@executable_path/Frameworks",
				);
				PRODUCT_BUNDLE_IDENTIFIER = UG.ToDoList3;
				PRODUCT_NAME = "$(TARGET_NAME)";
				SWIFT_VERSION = 4.2;
				TARGETED_DEVICE_FAMILY = "1,2";
			};
			name = Debug;
		};
		CDEB0DBF215B610F00A7D828 /* Release */ = {
			isa = XCBuildConfiguration;
			buildSettings = {
				ASSETCATALOG_COMPILER_APPICON_NAME = AppIcon;
				CODE_SIGN_STYLE = Automatic;
				INFOPLIST_FILE = ToDoList3/Info.plist;
				LD_RUNPATH_SEARCH_PATHS = (
					"$(inherited)",
					"@executable_path/Frameworks",
				);
				PRODUCT_BUNDLE_IDENTIFIER = UG.ToDoList3;
				PRODUCT_NAME = "$(TARGET_NAME)";
				SWIFT_VERSION = 4.2;
				TARGETED_DEVICE_FAMILY = "1,2";
			};
			name = Release;
		};
/* End XCBuildConfiguration section */

/* Begin XCConfigurationList section */
		CDEB0DA6215B610E00A7D828 /* Build configuration list for PBXProject "ToDoList3" */ = {
			isa = XCConfigurationList;
			buildConfigurations = (
				CDEB0DBB215B610F00A7D828 /* Debug */,
				CDEB0DBC215B610F00A7D828 /* Release */,
			);
			defaultConfigurationIsVisible = 0;
			defaultConfigurationName = Release;
		};
		CDEB0DBD215B610F00A7D828 /* Build configuration list for PBXNativeTarget "ToDoList3" */ = {
			isa = XCConfigurationList;
			buildConfigurations = (
				CDEB0DBE215B610F00A7D828 /* Debug */,
				CDEB0DBF215B610F00A7D828 /* Release */,
			);
			defaultConfigurationIsVisible = 0;
			defaultConfigurationName = Release;
		};
/* End XCConfigurationList section */
	};
	rootObject = CDEB0DA3215B610E00A7D828 /* Project object */;
}
